
Microsoft Visual Studio Solution File, Format Version 12.00
# Visual Studio Version 17
VisualStudioVersion = 17.13.35913.81
MinimumVisualStudioVersion = 10.0.40219.1
Project("{FAE04EC0-301F-11D3-BF4B-00C04F79EFBC}") = "PinoHeladeria.Domain", "src\PinoHeladeria.Domain\PinoHeladeria.Domain.csproj", "{7C60013F-433E-63C6-2848-82D79164134B}"
EndProject
Project("{FAE04EC0-301F-11D3-BF4B-00C04F79EFBC}") = "PinoHeladeria.Application", "src\PinoHeladeria.Application\PinoHeladeria.Application.csproj", "{285506EC-7C32-EF61-4572-291E7E3420D8}"
EndProject
Project("{FAE04EC0-301F-11D3-BF4B-00C04F79EFBC}") = "PinoHeladeria.Infrastucture", "src\PinoHeladeria.Infrastucture\PinoHeladeria.Infrastucture.csproj", "{EB9DBFBA-79B9-9E8F-EEF0-AFFD32118098}"
EndProject
Project("{FAE04EC0-301F-11D3-BF4B-00C04F79EFBC}") = "PinoHeladeria.API", "src\PinoHeladeria.Api\PinoHeladeria.API.csproj", "{FA816124-815E-9771-31B5-D456C649A6A7}"
EndProject
Global
	GlobalSection(SolutionConfigurationPlatforms) = preSolution
		Debug|Any CPU = Debug|Any CPU
		Release|Any CPU = Release|Any CPU
	EndGlobalSection
	GlobalSection(ProjectConfigurationPlatforms) = postSolution
		{7C60013F-433E-63C6-2848-82D79164134B}.Debug|Any CPU.ActiveCfg = Debug|Any CPU
		{7C60013F-433E-63C6-2848-82D79164134B}.Debug|Any CPU.Build.0 = Debug|Any CPU
		{7C60013F-433E-63C6-2848-82D79164134B}.Release|Any CPU.ActiveCfg = Release|Any CPU
		{7C60013F-433E-63C6-2848-82D79164134B}.Release|Any CPU.Build.0 = Release|Any CPU
		{285506EC-7C32-EF61-4572-291E7E3420D8}.Debug|Any CPU.ActiveCfg = Debug|Any CPU
		{285506EC-7C32-EF61-4572-291E7E3420D8}.Debug|Any CPU.Build.0 = Debug|Any CPU
		{285506EC-7C32-EF61-4572-291E7E3420D8}.Release|Any CPU.ActiveCfg = Release|Any CPU
		{285506EC-7C32-EF61-4572-291E7E3420D8}.Release|Any CPU.Build.0 = Release|Any CPU
		{EB9DBFBA-79B9-9E8F-EEF0-AFFD32118098}.Debug|Any CPU.ActiveCfg = Debug|Any CPU
		{EB9DBFBA-79B9-9E8F-EEF0-AFFD32118098}.Debug|Any CPU.Build.0 = Debug|Any CPU
		{EB9DBFBA-79B9-9E8F-EEF0-AFFD32118098}.Release|Any CPU.ActiveCfg = Release|Any CPU
		{EB9DBFBA-79B9-9E8F-EEF0-AFFD32118098}.Release|Any CPU.Build.0 = Release|Any CPU
		{FA816124-815E-9771-31B5-D456C649A6A7}.Debug|Any CPU.ActiveCfg = Debug|Any CPU
		{FA816124-815E-9771-31B5-D456C649A6A7}.Debug|Any CPU.Build.0 = Debug|Any CPU
		{FA816124-815E-9771-31B5-D456C649A6A7}.Release|Any CPU.ActiveCfg = Release|Any CPU
		{FA816124-815E-9771-31B5-D456C649A6A7}.Release|Any CPU.Build.0 = Release|Any CPU
	EndGlobalSection
	GlobalSection(SolutionProperties) = preSolution
		HideSolutionNode = FALSE
	EndGlobalSection
	GlobalSection(ExtensibilityGlobals) = postSolution
		SolutionGuid = {98646C51-D8B3-458C-830E-5B2EBAA6BC7F}
	EndGlobalSection
EndGlobal
